{
    "name": "bunjil",
    "version": "0.1.0",
    "lockfileVersion": 1,
    "requires": true,
    "dependencies": {
        "@types/faker": {
            "version": "4.1.2",
            "resolved": "https://registry.npmjs.org/@types/faker/-/faker-4.1.2.tgz",
            "integrity": "sha512-32BasKfxbdCSayhM/i4yu+EA3hlLHZrDBeDUPbSYQv2jL5tFdHjzmiRe6/xFB9Jot0M22WhBwk0Zi981jxksUw==",
            "dev": true
        }
    }
}
