{
    "name": "bunjil",
    "version": "0.1.0",
    "lockfileVersion": 1,
    "requires": true,
    "dependencies": {
        "@types/debug": {
            "version": "0.0.30",
            "resolved": "https://registry.npmjs.org/@types/debug/-/debug-0.0.30.tgz",
            "integrity": "sha512-orGL5LXERPYsLov6CWs3Fh6203+dXzJkR7OnddIr2514Hsecwc8xRpzCapshBbKFImCsvS/mk6+FWiN5LyZJAQ=="
        },
        "@types/faker": {
            "version": "4.1.2",
            "resolved": "https://registry.npmjs.org/@types/faker/-/faker-4.1.2.tgz",
            "integrity": "sha512-32BasKfxbdCSayhM/i4yu+EA3hlLHZrDBeDUPbSYQv2jL5tFdHjzmiRe6/xFB9Jot0M22WhBwk0Zi981jxksUw==",
            "dev": true
        },
        "@types/memory-cache": {
            "version": "0.2.0",
            "resolved": "https://registry.npmjs.org/@types/memory-cache/-/memory-cache-0.2.0.tgz",
            "integrity": "sha512-zDj+12RJaigGdbd00auPN2KXeQyPVv1ad+54Dcm+cVgiI7cWXher3s9fPZwHMLr1Ji2fcVhccmtDa2mIBlvnlQ==",
            "dev": true
        },
        "@types/node": {
            "version": "9.4.6",
            "resolved": "https://registry.npmjs.org/@types/node/-/node-9.4.6.tgz",
            "integrity": "sha512-CTUtLb6WqCCgp6P59QintjHWqzf4VL1uPA27bipLAPxFqrtK1gEYllePzTICGqQ8rYsCbpnsNypXjjDzGAAjEQ==",
            "dev": true
        },
        "@types/superagent": {
            "version": "3.5.7",
            "resolved": "https://registry.npmjs.org/@types/superagent/-/superagent-3.5.7.tgz",
            "integrity": "sha512-zvDPQHA/M8f8SqU3jgQ0PFgaO0FV+IarGwhRm8dy0CIPRi5on187IhkOJFTUT3O03C/vqjZ3jlhOichhw3RVng==",
            "dev": true,
            "requires": {
                "@types/node": "9.4.6"
            }
        },
        "@types/supertest": {
            "version": "2.0.4",
            "resolved": "https://registry.npmjs.org/@types/supertest/-/supertest-2.0.4.tgz",
            "integrity": "sha512-0TvOJ+6XVMSImgqc2ClNllfVffCxHQhFbsbwOGzGTjdFydoaG052LPqnP8SnmSlnokOcQiPPcbz+Yi30LxWPyA==",
            "dev": true,
            "requires": {
                "@types/superagent": "3.5.7"
            }
        }
    }
}
